{
  "name": "job-info-wall-frontend",
  "version": "1.0.0",
  "lockfileVersion": 1,
  "requires": true,
  "dependencies": {
    "next-redux-wrapper": {
      "version": "6.0.2",
      "resolved": "https://registry.npmjs.org/next-redux-wrapper/-/next-redux-wrapper-6.0.2.tgz",
      "integrity": "sha512-I9CnIYhQwI/qEoNdc9VAPjIyuq4rFFhCTa4rKhoDHWEVHGB1DXZy8TAyGpwvWizESd8IoTI/OKlP6bFpCbXsOw=="
    }
  }
}
